
Microsoft Visual Studio Solution File, Format Version 12.00
# Visual Studio 14
VisualStudioVersion = 14.0.24720.0
MinimumVisualStudioVersion = 10.0.40219.1
Project("{FAE04EC0-301F-11D3-BF4B-00C04F79EFBC}") = "Metrics.NET.InfluxDB", "Metrics.NET.InfluxDB\Metrics.NET.InfluxDB.csproj", "{7C12C6BB-B5AA-488C-80E4-3F940D921657}"
EndProject
Project("{2150E333-8FDC-42A3-9474-1A3956D46DE8}") = "Solution Items", "Solution Items", "{0B89FB7E-1C0E-435E-939F-5B1F13B7CADF}"
	ProjectSection(SolutionItems) = preProject
		.travis.yml = .travis.yml
		appveyor.yml = appveyor.yml
		Metrics.NET.InfluxDB.nuspec = Metrics.NET.InfluxDB.nuspec
		README.md = README.md
	EndProjectSection
EndProject
Project("{FAE04EC0-301F-11D3-BF4B-00C04F79EFBC}") = "Metrics.NET.InfluxDB.CLI", "Metrics.NET.InfluxDB.CLI\Metrics.NET.InfluxDB.CLI.csproj", "{5B41ACAF-F5BB-4896-A323-4D13AC43C981}"
EndProject
Project("{FAE04EC0-301F-11D3-BF4B-00C04F79EFBC}") = "Metrics.NET.InfluxDB.Tests", "Metrics.NET.InfluxDB.Tests\Metrics.NET.InfluxDB.Tests.csproj", "{DFF334E5-0914-4153-A1B5-24A09F45EF82}"
EndProject
Project("{2150E333-8FDC-42A3-9474-1A3956D46DE8}") = ".nuget", ".nuget", "{7AF46EDD-6F25-415E-89A9-524B66DA8208}"
	ProjectSection(SolutionItems) = preProject
		.nuget\NuGet.Config = .nuget\NuGet.Config
		.nuget\NuGet.exe = .nuget\NuGet.exe
		.nuget\NuGet.targets = .nuget\NuGet.targets
	EndProjectSection
EndProject
Global
	GlobalSection(SolutionConfigurationPlatforms) = preSolution
		Debug|Any CPU = Debug|Any CPU
		Release|Any CPU = Release|Any CPU
	EndGlobalSection
	GlobalSection(ProjectConfigurationPlatforms) = postSolution
		{7C12C6BB-B5AA-488C-80E4-3F940D921657}.Debug|Any CPU.ActiveCfg = Debug|Any CPU
		{7C12C6BB-B5AA-488C-80E4-3F940D921657}.Debug|Any CPU.Build.0 = Debug|Any CPU
		{7C12C6BB-B5AA-488C-80E4-3F940D921657}.Release|Any CPU.ActiveCfg = Release|Any CPU
		{7C12C6BB-B5AA-488C-80E4-3F940D921657}.Release|Any CPU.Build.0 = Release|Any CPU
		{5B41ACAF-F5BB-4896-A323-4D13AC43C981}.Debug|Any CPU.ActiveCfg = Debug|Any CPU
		{5B41ACAF-F5BB-4896-A323-4D13AC43C981}.Debug|Any CPU.Build.0 = Debug|Any CPU
		{5B41ACAF-F5BB-4896-A323-4D13AC43C981}.Release|Any CPU.ActiveCfg = Release|Any CPU
		{5B41ACAF-F5BB-4896-A323-4D13AC43C981}.Release|Any CPU.Build.0 = Release|Any CPU
		{DFF334E5-0914-4153-A1B5-24A09F45EF82}.Debug|Any CPU.ActiveCfg = Debug|Any CPU
		{DFF334E5-0914-4153-A1B5-24A09F45EF82}.Debug|Any CPU.Build.0 = Debug|Any CPU
		{DFF334E5-0914-4153-A1B5-24A09F45EF82}.Release|Any CPU.ActiveCfg = Release|Any CPU
		{DFF334E5-0914-4153-A1B5-24A09F45EF82}.Release|Any CPU.Build.0 = Release|Any CPU
	EndGlobalSection
	GlobalSection(SolutionProperties) = preSolution
		HideSolutionNode = FALSE
	EndGlobalSection
EndGlobal
